
Microsoft Visual Studio Solution File, Format Version 12.00
# Visual Studio 2017
Project("{FAE04EC0-301F-11D3-BF4B-00C04F79EFBC}") = "AndroidStore", "AndroidStore.csproj", "{0A008224-60E7-616A-EA9B-07B41F64F05A}"
EndProject
Global
	GlobalSection(SolutionConfigurationPlatforms) = preSolution
		Debug|Any CPU = Debug|Any CPU
		Release|Any CPU = Release|Any CPU
	EndGlobalSection
	GlobalSection(ProjectConfigurationPlatforms) = postSolution
		{0A008224-60E7-616A-EA9B-07B41F64F05A}.Debug|Any CPU.ActiveCfg = Debug|Any CPU
		{0A008224-60E7-616A-EA9B-07B41F64F05A}.Debug|Any CPU.Build.0 = Debug|Any CPU
		{0A008224-60E7-616A-EA9B-07B41F64F05A}.Release|Any CPU.ActiveCfg = Release|Any CPU
		{0A008224-60E7-616A-EA9B-07B41F64F05A}.Release|Any CPU.Build.0 = Release|Any CPU
	EndGlobalSection
	GlobalSection(SolutionProperties) = preSolution
		HideSolutionNode = FALSE
	EndGlobalSection
EndGlobal
